
Microsoft Visual Studio Solution File, Format Version 12.00
# Visual Studio Version 16
VisualStudioVersion = 16.0.30804.86
MinimumVisualStudioVersion = 10.0.40219.1
Project("{FAE04EC0-301F-11D3-BF4B-00C04F79EFBC}") = "Primer consola", "Primer consola\Primer consola.csproj", "{7AC39710-163C-48DA-955A-99416E30FFCC}"
EndProject
Global
	GlobalSection(SolutionConfigurationPlatforms) = preSolution
		Debug|Any CPU = Debug|Any CPU
		Release|Any CPU = Release|Any CPU
	EndGlobalSection
	GlobalSection(ProjectConfigurationPlatforms) = postSolution
		{7AC39710-163C-48DA-955A-99416E30FFCC}.Debug|Any CPU.ActiveCfg = Debug|Any CPU
		{7AC39710-163C-48DA-955A-99416E30FFCC}.Debug|Any CPU.Build.0 = Debug|Any CPU
		{7AC39710-163C-48DA-955A-99416E30FFCC}.Release|Any CPU.ActiveCfg = Release|Any CPU
		{7AC39710-163C-48DA-955A-99416E30FFCC}.Release|Any CPU.Build.0 = Release|Any CPU
	EndGlobalSection
	GlobalSection(SolutionProperties) = preSolution
		HideSolutionNode = FALSE
	EndGlobalSection
	GlobalSection(ExtensibilityGlobals) = postSolution
		SolutionGuid = {D85CC10D-F967-4722-AAAE-12DC95DDE868}
	EndGlobalSection
EndGlobal
